
Microsoft Visual Studio Solution File, Format Version 12.00
# Visual Studio Version 17
VisualStudioVersion = 17.7.34009.444
MinimumVisualStudioVersion = 10.0.40219.1
Project("{FAE04EC0-301F-11D3-BF4B-00C04F79EFBC}") = "ToDoListWebApp", "ToDoListWebApp\ToDoListWebApp.csproj", "{EDB52D87-E13E-49D3-9457-A34184721961}"
EndProject
Global
	GlobalSection(SolutionConfigurationPlatforms) = preSolution
		Debug|Any CPU = Debug|Any CPU
		Release|Any CPU = Release|Any CPU
	EndGlobalSection
	GlobalSection(ProjectConfigurationPlatforms) = postSolution
		{EDB52D87-E13E-49D3-9457-A34184721961}.Debug|Any CPU.ActiveCfg = Debug|Any CPU
		{EDB52D87-E13E-49D3-9457-A34184721961}.Debug|Any CPU.Build.0 = Debug|Any CPU
		{EDB52D87-E13E-49D3-9457-A34184721961}.Release|Any CPU.ActiveCfg = Release|Any CPU
		{EDB52D87-E13E-49D3-9457-A34184721961}.Release|Any CPU.Build.0 = Release|Any CPU
	EndGlobalSection
	GlobalSection(SolutionProperties) = preSolution
		HideSolutionNode = FALSE
	EndGlobalSection
	GlobalSection(ExtensibilityGlobals) = postSolution
		SolutionGuid = {50B21A46-D81B-46C6-9B8F-5919E826DA1C}
	EndGlobalSection
EndGlobal
